{
  "version": 4,
  "terraform_version": "1.0.6",
  "serial": 80,
  "lineage": "4c574f84-227d-517d-e704-b6cc7625e5e7",
  "outputs": {},
  "resources": [
    {
      "mode": "managed",
      "type": "azurerm_network_interface_security_group_association",
      "name": "myterraform-nic-nsg-association",
      "provider": "provider[\"registry.terraform.io/hashicorp/azurerm\"]",
      "instances": [
        {
          "schema_version": 0,
          "attributes": {
            "id": "/subscriptions/4b70d3ac-2502-44c9-9a94-35d366867ad9/resourceGroups/Module-RG-Group/providers/Microsoft.Network/networkInterfaces/Module-NIC|/subscriptions/4b70d3ac-2502-44c9-9a94-35d366867ad9/resourceGroups/Module-RG-Group/providers/Microsoft.Network/networkSecurityGroups/Module-NSG",
            "network_interface_id": "/subscriptions/4b70d3ac-2502-44c9-9a94-35d366867ad9/resourceGroups/Module-RG-Group/providers/Microsoft.Network/networkInterfaces/Module-NIC",
            "network_security_group_id": "/subscriptions/4b70d3ac-2502-44c9-9a94-35d366867ad9/resourceGroups/Module-RG-Group/providers/Microsoft.Network/networkSecurityGroups/Module-NSG",
            "timeouts": null
          },
          "sensitive_attributes": [],
          "private": "eyJlMmJmYjczMC1lY2FhLTExZTYtOGY4OC0zNDM2M2JjN2M0YzAiOnsiY3JlYXRlIjoxODAwMDAwMDAwMDAwLCJkZWxldGUiOjE4MDAwMDAwMDAwMDAsInJlYWQiOjMwMDAwMDAwMDAwMCwidXBkYXRlIjoxODAwMDAwMDAwMDAwfX0=",
          "dependencies": [
            "module.azure-nic.azurerm_network_interface.myterraformnic",
            "module.azure-nsg.azurerm_network_security_group.myterraformnsg",
            "module.azure-resource-group.azurerm_resource_group.myterraformgroup",
            "module.azure-subnet.azurerm_subnet.myterraformsubnet",
            "module.azure-vnet.azurerm_virtual_network.myterraformnetwork"
          ]
        }
      ]
    },
    {
      "module": "module.azure-nic",
      "mode": "managed",
      "type": "azurerm_network_interface",
      "name": "myterraformnic",
      "provider": "provider[\"registry.terraform.io/hashicorp/azurerm\"]",
      "instances": [
        {
          "schema_version": 0,
          "attributes": {
            "applied_dns_servers": [],
            "dns_servers": [],
            "enable_accelerated_networking": false,
            "enable_ip_forwarding": false,
            "id": "/subscriptions/4b70d3ac-2502-44c9-9a94-35d366867ad9/resourceGroups/Module-RG-Group/providers/Microsoft.Network/networkInterfaces/Module-NIC",
            "internal_dns_name_label": "",
            "internal_domain_name_suffix": "1ep4rjge5l0epizjtwo1rkz0xh.ax.internal.cloudapp.net",
            "ip_configuration": [
              {
                "name": "Module-NIC-Config",
                "primary": true,
                "private_ip_address": "10.0.1.4",
                "private_ip_address_allocation": "Dynamic",
                "private_ip_address_version": "IPv4",
                "public_ip_address_id": "",
                "subnet_id": "/subscriptions/4b70d3ac-2502-44c9-9a94-35d366867ad9/resourceGroups/Module-RG-Group/providers/Microsoft.Network/virtualNetworks/Module-VNet/subnets/Module-Subnet"
              }
            ],
            "location": "westeurope",
            "mac_address": "",
            "name": "Module-NIC",
            "private_ip_address": "10.0.1.4",
            "private_ip_addresses": [
              "10.0.1.4"
            ],
            "resource_group_name": "Module-RG-Group",
            "tags": {
              "environment": "Terraform Demo"
            },
            "timeouts": null,
            "virtual_machine_id": ""
          },
          "sensitive_attributes": [],
          "private": "eyJlMmJmYjczMC1lY2FhLTExZTYtOGY4OC0zNDM2M2JjN2M0YzAiOnsiY3JlYXRlIjoxODAwMDAwMDAwMDAwLCJkZWxldGUiOjE4MDAwMDAwMDAwMDAsInJlYWQiOjMwMDAwMDAwMDAwMCwidXBkYXRlIjoxODAwMDAwMDAwMDAwfX0=",
          "dependencies": [
            "module.azure-resource-group.azurerm_resource_group.myterraformgroup",
            "module.azure-subnet.azurerm_subnet.myterraformsubnet",
            "module.azure-vnet.azurerm_virtual_network.myterraformnetwork"
          ]
        }
      ]
    },
    {
      "module": "module.azure-nsg",
      "mode": "managed",
      "type": "azurerm_network_security_group",
      "name": "myterraformnsg",
      "provider": "provider[\"registry.terraform.io/hashicorp/azurerm\"]",
      "instances": [
        {
          "schema_version": 0,
          "attributes": {
            "id": "/subscriptions/4b70d3ac-2502-44c9-9a94-35d366867ad9/resourceGroups/Module-RG-Group/providers/Microsoft.Network/networkSecurityGroups/Module-NSG",
            "location": "westeurope",
            "name": "Module-NSG",
            "resource_group_name": "Module-RG-Group",
            "security_rule": [
              {
                "access": "Allow",
                "description": "",
                "destination_address_prefix": "*",
                "destination_address_prefixes": [],
                "destination_application_security_group_ids": [],
                "destination_port_range": "22",
                "destination_port_ranges": [],
                "direction": "Inbound",
                "name": "SSH",
                "priority": 1001,
                "protocol": "Tcp",
                "source_address_prefix": "*",
                "source_address_prefixes": [],
                "source_application_security_group_ids": [],
                "source_port_range": "*",
                "source_port_ranges": []
              }
            ],
            "tags": {
              "environment": "Terraform Demo"
            },
            "timeouts": null
          },
          "sensitive_attributes": [],
          "private": "eyJlMmJmYjczMC1lY2FhLTExZTYtOGY4OC0zNDM2M2JjN2M0YzAiOnsiY3JlYXRlIjoxODAwMDAwMDAwMDAwLCJkZWxldGUiOjE4MDAwMDAwMDAwMDAsInJlYWQiOjMwMDAwMDAwMDAwMCwidXBkYXRlIjoxODAwMDAwMDAwMDAwfX0=",
          "dependencies": [
            "module.azure-resource-group.azurerm_resource_group.myterraformgroup"
          ]
        }
      ]
    },
    {
      "module": "module.azure-resource-group",
      "mode": "managed",
      "type": "azurerm_resource_group",
      "name": "myterraformgroup",
      "provider": "provider[\"registry.terraform.io/hashicorp/azurerm\"]",
      "instances": [
        {
          "schema_version": 0,
          "attributes": {
            "id": "/subscriptions/4b70d3ac-2502-44c9-9a94-35d366867ad9/resourceGroups/Module-RG-Group",
            "location": "westeurope",
            "name": "Module-RG-Group",
            "tags": {
              "environment": "Terraform Demo"
            },
            "timeouts": null
          },
          "sensitive_attributes": [],
          "private": "eyJlMmJmYjczMC1lY2FhLTExZTYtOGY4OC0zNDM2M2JjN2M0YzAiOnsiY3JlYXRlIjo1NDAwMDAwMDAwMDAwLCJkZWxldGUiOjU0MDAwMDAwMDAwMDAsInJlYWQiOjMwMDAwMDAwMDAwMCwidXBkYXRlIjo1NDAwMDAwMDAwMDAwfX0="
        }
      ]
    },
    {
      "module": "module.azure-storage-account",
      "mode": "managed",
      "type": "azurerm_storage_account",
      "name": "myterraformstorageaccount",
      "provider": "provider[\"registry.terraform.io/hashicorp/azurerm\"]",
      "instances": [
        {
          "schema_version": 2,
          "attributes": {
            "access_tier": "Hot",
            "account_kind": "StorageV2",
            "account_replication_type": "LRS",
            "account_tier": "Standard",
            "allow_blob_public_access": false,
            "azure_files_authentication": [],
            "blob_properties": [
              {
                "change_feed_enabled": false,
                "container_delete_retention_policy": [],
                "cors_rule": [],
                "default_service_version": "",
                "delete_retention_policy": [],
                "last_access_time_enabled": false,
                "versioning_enabled": false
              }
            ],
            "custom_domain": [],
            "enable_https_traffic_only": true,
            "id": "/subscriptions/4b70d3ac-2502-44c9-9a94-35d366867ad9/resourceGroups/Module-RG-Group/providers/Microsoft.Storage/storageAccounts/modulestorageaccount",
            "identity": [],
            "is_hns_enabled": false,
            "large_file_share_enabled": null,
            "location": "westeurope",
            "min_tls_version": "TLS1_0",
            "name": "modulestorageaccount",
            "network_rules": [
              {
                "bypass": [
                  "AzureServices"
                ],
                "default_action": "Allow",
                "ip_rules": [],
                "private_link_access": [],
                "virtual_network_subnet_ids": []
              }
            ],
            "nfsv3_enabled": false,
            "primary_access_key": "zn4SqZNLvWWybYQv89o8oM62bGiilEEBXFJg+x58HbxcyNcyIo4F8cIEzyILnsGsYIrtigNbolKaqg19cD9jKw==",
            "primary_blob_connection_string": "DefaultEndpointsProtocol=https;BlobEndpoint=https://modulestorageaccount.blob.core.windows.net/;AccountName=modulestorageaccount;AccountKey=zn4SqZNLvWWybYQv89o8oM62bGiilEEBXFJg+x58HbxcyNcyIo4F8cIEzyILnsGsYIrtigNbolKaqg19cD9jKw==",
            "primary_blob_endpoint": "https://modulestorageaccount.blob.core.windows.net/",
            "primary_blob_host": "modulestorageaccount.blob.core.windows.net",
            "primary_connection_string": "DefaultEndpointsProtocol=https;AccountName=modulestorageaccount;AccountKey=zn4SqZNLvWWybYQv89o8oM62bGiilEEBXFJg+x58HbxcyNcyIo4F8cIEzyILnsGsYIrtigNbolKaqg19cD9jKw==;EndpointSuffix=core.windows.net",
            "primary_dfs_endpoint": "https://modulestorageaccount.dfs.core.windows.net/",
            "primary_dfs_host": "modulestorageaccount.dfs.core.windows.net",
            "primary_file_endpoint": "https://modulestorageaccount.file.core.windows.net/",
            "primary_file_host": "modulestorageaccount.file.core.windows.net",
            "primary_location": "westeurope",
            "primary_queue_endpoint": "https://modulestorageaccount.queue.core.windows.net/",
            "primary_queue_host": "modulestorageaccount.queue.core.windows.net",
            "primary_table_endpoint": "https://modulestorageaccount.table.core.windows.net/",
            "primary_table_host": "modulestorageaccount.table.core.windows.net",
            "primary_web_endpoint": "https://modulestorageaccount.z6.web.core.windows.net/",
            "primary_web_host": "modulestorageaccount.z6.web.core.windows.net",
            "queue_properties": [
              {
                "cors_rule": [],
                "hour_metrics": [
                  {
                    "enabled": true,
                    "include_apis": true,
                    "retention_policy_days": 7,
                    "version": "1.0"
                  }
                ],
                "logging": [
                  {
                    "delete": false,
                    "read": false,
                    "retention_policy_days": 0,
                    "version": "1.0",
                    "write": false
                  }
                ],
                "minute_metrics": [
                  {
                    "enabled": false,
                    "include_apis": false,
                    "retention_policy_days": 0,
                    "version": "1.0"
                  }
                ]
              }
            ],
            "resource_group_name": "Module-RG-Group",
            "routing": [],
            "secondary_access_key": "RkQs1jywKqqttXlULd6cT32eyxMO7quZI+4Wl4l09qKoux5yiVerAlkb1b83uhZ14ODuVN4XxoD9+BchNdkQrA==",
            "secondary_blob_connection_string": "",
            "secondary_blob_endpoint": null,
            "secondary_blob_host": null,
            "secondary_connection_string": "DefaultEndpointsProtocol=https;AccountName=modulestorageaccount;AccountKey=RkQs1jywKqqttXlULd6cT32eyxMO7quZI+4Wl4l09qKoux5yiVerAlkb1b83uhZ14ODuVN4XxoD9+BchNdkQrA==;EndpointSuffix=core.windows.net",
            "secondary_dfs_endpoint": null,
            "secondary_dfs_host": null,
            "secondary_file_endpoint": null,
            "secondary_file_host": null,
            "secondary_location": "",
            "secondary_queue_endpoint": null,
            "secondary_queue_host": null,
            "secondary_table_endpoint": null,
            "secondary_table_host": null,
            "secondary_web_endpoint": null,
            "secondary_web_host": null,
            "share_properties": [
              {
                "cors_rule": [],
                "retention_policy": [
                  {
                    "days": 7
                  }
                ],
                "smb": []
              }
            ],
            "shared_access_key_enabled": true,
            "static_website": [],
            "tags": {
              "environment": "Terraform Demo"
            },
            "timeouts": null
          },
          "sensitive_attributes": [],
          "private": "eyJlMmJmYjczMC1lY2FhLTExZTYtOGY4OC0zNDM2M2JjN2M0YzAiOnsiY3JlYXRlIjozNjAwMDAwMDAwMDAwLCJkZWxldGUiOjM2MDAwMDAwMDAwMDAsInJlYWQiOjMwMDAwMDAwMDAwMCwidXBkYXRlIjozNjAwMDAwMDAwMDAwfSwic2NoZW1hX3ZlcnNpb24iOiIyIn0=",
          "dependencies": [
            "module.azure-resource-group.azurerm_resource_group.myterraformgroup"
          ]
        }
      ]
    },
    {
      "module": "module.azure-subnet",
      "mode": "managed",
      "type": "azurerm_subnet",
      "name": "myterraformsubnet",
      "provider": "provider[\"registry.terraform.io/hashicorp/azurerm\"]",
      "instances": [
        {
          "schema_version": 0,
          "attributes": {
            "address_prefix": "10.0.1.0/24",
            "address_prefixes": [
              "10.0.1.0/24"
            ],
            "delegation": [],
            "enforce_private_link_endpoint_network_policies": false,
            "enforce_private_link_service_network_policies": false,
            "id": "/subscriptions/4b70d3ac-2502-44c9-9a94-35d366867ad9/resourceGroups/Module-RG-Group/providers/Microsoft.Network/virtualNetworks/Module-VNet/subnets/Module-Subnet",
            "name": "Module-Subnet",
            "resource_group_name": "Module-RG-Group",
            "service_endpoint_policy_ids": null,
            "service_endpoints": null,
            "timeouts": null,
            "virtual_network_name": "Module-VNet"
          },
          "sensitive_attributes": [],
          "private": "eyJlMmJmYjczMC1lY2FhLTExZTYtOGY4OC0zNDM2M2JjN2M0YzAiOnsiY3JlYXRlIjoxODAwMDAwMDAwMDAwLCJkZWxldGUiOjE4MDAwMDAwMDAwMDAsInJlYWQiOjMwMDAwMDAwMDAwMCwidXBkYXRlIjoxODAwMDAwMDAwMDAwfX0=",
          "dependencies": [
            "module.azure-resource-group.azurerm_resource_group.myterraformgroup",
            "module.azure-vnet.azurerm_virtual_network.myterraformnetwork"
          ]
        }
      ]
    },
    {
      "module": "module.azure-vm",
      "mode": "managed",
      "type": "azurerm_linux_virtual_machine",
      "name": "myterraformvm",
      "provider": "provider[\"registry.terraform.io/hashicorp/azurerm\"]",
      "instances": [
        {
          "schema_version": 0,
          "attributes": {
            "additional_capabilities": [],
            "admin_password": "Pwc##12345678",
            "admin_ssh_key": [],
            "admin_username": "dradmin",
            "allow_extension_operations": true,
            "availability_set_id": "",
            "boot_diagnostics": [
              {
                "storage_account_uri": "https://modulestorageaccount.blob.core.windows.net/"
              }
            ],
            "computer_name": "myvm",
            "custom_data": null,
            "dedicated_host_id": "",
            "disable_password_authentication": false,
            "encryption_at_host_enabled": false,
            "eviction_policy": "",
            "extensions_time_budget": "PT1H30M",
            "id": "/subscriptions/4b70d3ac-2502-44c9-9a94-35d366867ad9/resourceGroups/Module-RG-Group/providers/Microsoft.Compute/virtualMachines/Module-VM",
            "identity": [],
            "license_type": "",
            "location": "westeurope",
            "max_bid_price": -1,
            "name": "Module-VM",
            "network_interface_ids": [
              "/subscriptions/4b70d3ac-2502-44c9-9a94-35d366867ad9/resourceGroups/Module-RG-Group/providers/Microsoft.Network/networkInterfaces/Module-NIC"
            ],
            "os_disk": [
              {
                "caching": "ReadWrite",
                "diff_disk_settings": [],
                "disk_encryption_set_id": "",
                "disk_size_gb": 30,
                "name": "myOsDisk",
                "storage_account_type": "Premium_LRS",
                "write_accelerator_enabled": false
              }
            ],
            "plan": [],
            "platform_fault_domain": -1,
            "priority": "Regular",
            "private_ip_address": "10.0.1.4",
            "private_ip_addresses": [
              "10.0.1.4"
            ],
            "provision_vm_agent": true,
            "proximity_placement_group_id": "",
            "public_ip_address": "",
            "public_ip_addresses": [],
            "resource_group_name": "Module-RG-Group",
            "secret": [],
            "size": "Standard_B1ls",
            "source_image_id": "",
            "source_image_reference": [
              {
                "offer": "UbuntuServer",
                "publisher": "Canonical",
                "sku": "18.04-LTS",
                "version": "latest"
              }
            ],
            "tags": {
              "environment": "Terraform Demo"
            },
            "timeouts": null,
            "virtual_machine_id": "c8390e9c-1c45-406b-8b20-a5317bc81a5f",
            "virtual_machine_scale_set_id": "",
            "zone": ""
          },
          "sensitive_attributes": [],
          "private": "eyJlMmJmYjczMC1lY2FhLTExZTYtOGY4OC0zNDM2M2JjN2M0YzAiOnsiY3JlYXRlIjoyNzAwMDAwMDAwMDAwLCJkZWxldGUiOjI3MDAwMDAwMDAwMDAsInJlYWQiOjMwMDAwMDAwMDAwMCwidXBkYXRlIjoyNzAwMDAwMDAwMDAwfX0=",
          "dependencies": [
            "module.azure-nic.azurerm_network_interface.myterraformnic",
            "module.azure-resource-group.azurerm_resource_group.myterraformgroup",
            "module.azure-storage-account.azurerm_storage_account.myterraformstorageaccount",
            "module.azure-subnet.azurerm_subnet.myterraformsubnet",
            "module.azure-vnet.azurerm_virtual_network.myterraformnetwork"
          ]
        }
      ]
    },
    {
      "module": "module.azure-vnet",
      "mode": "managed",
      "type": "azurerm_virtual_network",
      "name": "myterraformnetwork",
      "provider": "provider[\"registry.terraform.io/hashicorp/azurerm\"]",
      "instances": [
        {
          "schema_version": 0,
          "attributes": {
            "address_space": [
              "10.0.0.0/16"
            ],
            "bgp_community": "",
            "ddos_protection_plan": [],
            "dns_servers": [],
            "guid": "a4e81fd9-fac4-47f4-a329-9d9db8ab3abf",
            "id": "/subscriptions/4b70d3ac-2502-44c9-9a94-35d366867ad9/resourceGroups/Module-RG-Group/providers/Microsoft.Network/virtualNetworks/Module-VNet",
            "location": "westeurope",
            "name": "Module-VNet",
            "resource_group_name": "Module-RG-Group",
            "subnet": [],
            "tags": {
              "environment": "Terraform Demo"
            },
            "timeouts": null,
            "vm_protection_enabled": false
          },
          "sensitive_attributes": [],
          "private": "eyJlMmJmYjczMC1lY2FhLTExZTYtOGY4OC0zNDM2M2JjN2M0YzAiOnsiY3JlYXRlIjoxODAwMDAwMDAwMDAwLCJkZWxldGUiOjE4MDAwMDAwMDAwMDAsInJlYWQiOjMwMDAwMDAwMDAwMCwidXBkYXRlIjoxODAwMDAwMDAwMDAwfX0=",
          "dependencies": [
            "module.azure-resource-group.azurerm_resource_group.myterraformgroup"
          ]
        }
      ]
    }
  ]
}
